
Microsoft Visual Studio Solution File, Format Version 12.00
#
Project("{2150E333-8FDC-42A3-9474-1A3956D46DE8}") = "src", "src", "{1E55CD3C-4512-4E09-A94E-7F4A4CAC159C}"
EndProject
Project("{2150E333-8FDC-42A3-9474-1A3956D46DE8}") = "test", "test", "{C4213494-600D-482C-A1DC-947598793838}"
EndProject
Project("{2150E333-8FDC-42A3-9474-1A3956D46DE8}") = "Presentation", "Presentation", "{3664691D-9D6C-453B-9816-927BA653B881}"
EndProject
Project("{2150E333-8FDC-42A3-9474-1A3956D46DE8}") = "API", "API", "{451611AB-B481-4FED-8326-3C64159229F6}"
EndProject
Project("{2150E333-8FDC-42A3-9474-1A3956D46DE8}") = "Infrastructure", "Infrastructure", "{F7708132-70F4-490A-A4B5-C857810DB207}"
EndProject
Project("{2150E333-8FDC-42A3-9474-1A3956D46DE8}") = "Core", "Core", "{7352F3CE-75D1-4611-AF4D-C5F1522E4038}"
EndProject
Project("{FAE04EC0-301F-11D3-BF4B-00C04F79EFBC}") = "ShopApp.Domain", "ShopApp.Domain\ShopApp.Domain.csproj", "{5675D640-610B-409D-9BC7-D21F4CF9F0E0}"
EndProject
Project("{FAE04EC0-301F-11D3-BF4B-00C04F79EFBC}") = "ShopApp.Api", "ShopApp.Api\ShopApp.Api.csproj", "{AF3EA6BB-BB46-464A-ABBB-A656E53633AF}"
EndProject
Project("{FAE04EC0-301F-11D3-BF4B-00C04F79EFBC}") = "ShopApp.Contracts", "ShopApp.Contracts\ShopApp.Contracts.csproj", "{A9D8EA09-D29C-4F60-B915-C5EBFE3074D1}"
EndProject
Project("{FAE04EC0-301F-11D3-BF4B-00C04F79EFBC}") = "ShopApp.Application", "ShopApp.Application\ShopApp.Application.csproj", "{64FB53B3-6E43-4D27-8C81-9C68FFCF7C27}"
EndProject
Project("{FAE04EC0-301F-11D3-BF4B-00C04F79EFBC}") = "ShopApp.Infrastructure", "ShopApp.Infrastructure\ShopApp.Infrastructure.csproj", "{F4DDAE9D-8F79-40BF-AB0B-CE0BDC6C56A7}"
EndProject
Global
	GlobalSection(SolutionConfigurationPlatforms) = preSolution
		Debug|Any CPU = Debug|Any CPU
		Release|Any CPU = Release|Any CPU
	EndGlobalSection
	GlobalSection(NestedProjects) = preSolution
		{3664691D-9D6C-453B-9816-927BA653B881} = {1E55CD3C-4512-4E09-A94E-7F4A4CAC159C}
		{451611AB-B481-4FED-8326-3C64159229F6} = {1E55CD3C-4512-4E09-A94E-7F4A4CAC159C}
		{F7708132-70F4-490A-A4B5-C857810DB207} = {1E55CD3C-4512-4E09-A94E-7F4A4CAC159C}
		{7352F3CE-75D1-4611-AF4D-C5F1522E4038} = {1E55CD3C-4512-4E09-A94E-7F4A4CAC159C}
	EndGlobalSection
	GlobalSection(ProjectConfigurationPlatforms) = postSolution
		{5675D640-610B-409D-9BC7-D21F4CF9F0E0}.Debug|Any CPU.ActiveCfg = Debug|Any CPU
		{5675D640-610B-409D-9BC7-D21F4CF9F0E0}.Debug|Any CPU.Build.0 = Debug|Any CPU
		{5675D640-610B-409D-9BC7-D21F4CF9F0E0}.Release|Any CPU.ActiveCfg = Release|Any CPU
		{5675D640-610B-409D-9BC7-D21F4CF9F0E0}.Release|Any CPU.Build.0 = Release|Any CPU
		{AF3EA6BB-BB46-464A-ABBB-A656E53633AF}.Debug|Any CPU.ActiveCfg = Debug|Any CPU
		{AF3EA6BB-BB46-464A-ABBB-A656E53633AF}.Debug|Any CPU.Build.0 = Debug|Any CPU
		{AF3EA6BB-BB46-464A-ABBB-A656E53633AF}.Release|Any CPU.ActiveCfg = Release|Any CPU
		{AF3EA6BB-BB46-464A-ABBB-A656E53633AF}.Release|Any CPU.Build.0 = Release|Any CPU
		{A9D8EA09-D29C-4F60-B915-C5EBFE3074D1}.Debug|Any CPU.ActiveCfg = Debug|Any CPU
		{A9D8EA09-D29C-4F60-B915-C5EBFE3074D1}.Debug|Any CPU.Build.0 = Debug|Any CPU
		{A9D8EA09-D29C-4F60-B915-C5EBFE3074D1}.Release|Any CPU.ActiveCfg = Release|Any CPU
		{A9D8EA09-D29C-4F60-B915-C5EBFE3074D1}.Release|Any CPU.Build.0 = Release|Any CPU
		{64FB53B3-6E43-4D27-8C81-9C68FFCF7C27}.Debug|Any CPU.ActiveCfg = Debug|Any CPU
		{64FB53B3-6E43-4D27-8C81-9C68FFCF7C27}.Debug|Any CPU.Build.0 = Debug|Any CPU
		{64FB53B3-6E43-4D27-8C81-9C68FFCF7C27}.Release|Any CPU.ActiveCfg = Release|Any CPU
		{64FB53B3-6E43-4D27-8C81-9C68FFCF7C27}.Release|Any CPU.Build.0 = Release|Any CPU
		{F4DDAE9D-8F79-40BF-AB0B-CE0BDC6C56A7}.Debug|Any CPU.ActiveCfg = Debug|Any CPU
		{F4DDAE9D-8F79-40BF-AB0B-CE0BDC6C56A7}.Debug|Any CPU.Build.0 = Debug|Any CPU
		{F4DDAE9D-8F79-40BF-AB0B-CE0BDC6C56A7}.Release|Any CPU.ActiveCfg = Release|Any CPU
		{F4DDAE9D-8F79-40BF-AB0B-CE0BDC6C56A7}.Release|Any CPU.Build.0 = Release|Any CPU
	EndGlobalSection
EndGlobal
